
Microsoft Visual Studio Solution File, Format Version 12.00
# Visual Studio Version 17
VisualStudioVersion = 17.4.33213.308
MinimumVisualStudioVersion = 10.0.40219.1
Project("{9A19103F-16F7-4668-BE54-9A1E7A4F7556}") = "CodeReso", "CodeReso\CodeReso.csproj", "{4E59248B-9750-4F15-85D1-B672C6D1CCD6}"
EndProject
Project("{9A19103F-16F7-4668-BE54-9A1E7A4F7556}") = "ScriptingLanguage", "ScriptingLanguage\ScriptingLanguage.csproj", "{AF45F7CE-282B-4DA2-9FC0-0B45CC8ED48F}"
EndProject
Project("{9A19103F-16F7-4668-BE54-9A1E7A4F7556}") = "GameEngine", "GameEngine\GameEngine.csproj", "{41956B1A-3C55-4985-940A-C75C90002441}"
EndProject
Project("{9A19103F-16F7-4668-BE54-9A1E7A4F7556}") = "EngineUnitTests", "EngineUnitTests\EngineUnitTests.csproj", "{C43BBB68-7181-49F1-BF88-77092DCC028D}"
EndProject
Project("{9A19103F-16F7-4668-BE54-9A1E7A4F7556}") = "Webserver", "Webserver\Webserver.csproj", "{A41D1895-8998-4799-B00D-C789404A255F}"
EndProject
Global
	GlobalSection(SolutionConfigurationPlatforms) = preSolution
		Debug|Any CPU = Debug|Any CPU
		Release|Any CPU = Release|Any CPU
	EndGlobalSection
	GlobalSection(ProjectConfigurationPlatforms) = postSolution
		{4E59248B-9750-4F15-85D1-B672C6D1CCD6}.Debug|Any CPU.ActiveCfg = Debug|Any CPU
		{4E59248B-9750-4F15-85D1-B672C6D1CCD6}.Debug|Any CPU.Build.0 = Debug|Any CPU
		{4E59248B-9750-4F15-85D1-B672C6D1CCD6}.Release|Any CPU.ActiveCfg = Release|Any CPU
		{4E59248B-9750-4F15-85D1-B672C6D1CCD6}.Release|Any CPU.Build.0 = Release|Any CPU
		{AF45F7CE-282B-4DA2-9FC0-0B45CC8ED48F}.Debug|Any CPU.ActiveCfg = Debug|Any CPU
		{AF45F7CE-282B-4DA2-9FC0-0B45CC8ED48F}.Debug|Any CPU.Build.0 = Debug|Any CPU
		{AF45F7CE-282B-4DA2-9FC0-0B45CC8ED48F}.Release|Any CPU.ActiveCfg = Release|Any CPU
		{AF45F7CE-282B-4DA2-9FC0-0B45CC8ED48F}.Release|Any CPU.Build.0 = Release|Any CPU
		{41956B1A-3C55-4985-940A-C75C90002441}.Debug|Any CPU.ActiveCfg = Debug|Any CPU
		{41956B1A-3C55-4985-940A-C75C90002441}.Debug|Any CPU.Build.0 = Debug|Any CPU
		{41956B1A-3C55-4985-940A-C75C90002441}.Release|Any CPU.ActiveCfg = Release|Any CPU
		{41956B1A-3C55-4985-940A-C75C90002441}.Release|Any CPU.Build.0 = Release|Any CPU
		{C43BBB68-7181-49F1-BF88-77092DCC028D}.Debug|Any CPU.ActiveCfg = Debug|Any CPU
		{C43BBB68-7181-49F1-BF88-77092DCC028D}.Debug|Any CPU.Build.0 = Debug|Any CPU
		{C43BBB68-7181-49F1-BF88-77092DCC028D}.Release|Any CPU.ActiveCfg = Release|Any CPU
		{C43BBB68-7181-49F1-BF88-77092DCC028D}.Release|Any CPU.Build.0 = Release|Any CPU
		{A41D1895-8998-4799-B00D-C789404A255F}.Debug|Any CPU.ActiveCfg = Debug|Any CPU
		{A41D1895-8998-4799-B00D-C789404A255F}.Debug|Any CPU.Build.0 = Debug|Any CPU
		{A41D1895-8998-4799-B00D-C789404A255F}.Release|Any CPU.ActiveCfg = Release|Any CPU
		{A41D1895-8998-4799-B00D-C789404A255F}.Release|Any CPU.Build.0 = Release|Any CPU
	EndGlobalSection
	GlobalSection(SolutionProperties) = preSolution
		HideSolutionNode = FALSE
	EndGlobalSection
	GlobalSection(ExtensibilityGlobals) = postSolution
		SolutionGuid = {01CBB97C-6471-4EDB-9E8C-145E7708E3F6}
	EndGlobalSection
EndGlobal
