
Microsoft Visual Studio Solution File, Format Version 12.00
# Visual Studio Version 17
VisualStudioVersion = 17.3.32929.385
MinimumVisualStudioVersion = 10.0.40219.1
Project("{FAE04EC0-301F-11D3-BF4B-00C04F79EFBC}") = "CodeReso", "CodeReso\CodeReso.csproj", "{4E59248B-9750-4F15-85D1-B672C6D1CCD6}"
EndProject
Global
	GlobalSection(SolutionConfigurationPlatforms) = preSolution
		Debug|Any CPU = Debug|Any CPU
		Release|Any CPU = Release|Any CPU
	EndGlobalSection
	GlobalSection(ProjectConfigurationPlatforms) = postSolution
		{4E59248B-9750-4F15-85D1-B672C6D1CCD6}.Debug|Any CPU.ActiveCfg = Debug|Any CPU
		{4E59248B-9750-4F15-85D1-B672C6D1CCD6}.Debug|Any CPU.Build.0 = Debug|Any CPU
		{4E59248B-9750-4F15-85D1-B672C6D1CCD6}.Release|Any CPU.ActiveCfg = Release|Any CPU
		{4E59248B-9750-4F15-85D1-B672C6D1CCD6}.Release|Any CPU.Build.0 = Release|Any CPU
	EndGlobalSection
	GlobalSection(SolutionProperties) = preSolution
		HideSolutionNode = FALSE
	EndGlobalSection
	GlobalSection(ExtensibilityGlobals) = postSolution
		SolutionGuid = {01CBB97C-6471-4EDB-9E8C-145E7708E3F6}
	EndGlobalSection
EndGlobal
